lockfileVersion: '6.0'

settings:
  autoInstallPeers: true
  excludeLinksFromLockfile: false

importers:

  .:
    dependencies:
      antd:
        specifier: ^5.15.3
        version: 5.15.3(react-dom@18.2.0)(react@18.2.0)
      react:
        specifier: ^18.2.0
        version: 18.2.0
      react-dom:
        specifier: ^18.2.0
        version: 18.2.0(react@18.2.0)
    devDependencies:
      '@types/lodash':
        specifier: ^4.17.0
        version: 4.17.0
      '@types/node':
        specifier: '18'
        version: 18.19.24
      '@types/react':
        specifier: ^18.2.66
        version: 18.2.66
      '@types/react-dom':
        specifier: ^18.2.22
        version: 18.2.22
      lodash:
        specifier: ^4.17.21
        version: 4.17.21
      typescript:
        specifier: ^5.4.2
        version: 5.4.2

packages:

  /@ant-design/colors@7.0.2:
    resolution: {integrity: sha512-7KJkhTiPiLHSu+LmMJnehfJ6242OCxSlR3xHVBecYxnMW8MS/878NXct1GqYARyL59fyeFdKRxXTfvR9SnDgJg==}
    dependencies:
      '@ctrl/tinycolor': 3.6.1
    dev: false

  /@ant-design/cssinjs@1.18.4(react-dom@18.2.0)(react@18.2.0):
    resolution: {integrity: sha512-IrUAOj5TYuMG556C9gdbFuOrigyhzhU5ZYpWb3gYTxAwymVqRbvLzFCZg6OsjLBR6GhzcxYF3AhxKmjB+rA2xA==}
    peerDependencies:
      react: '>=16.0.0'
      react-dom: '>=16.0.0'
    dependencies:
      '@babel/runtime': 7.24.0
      '@emotion/hash': 0.8.0
      '@emotion/unitless': 0.7.5
      classnames: 2.5.1
      csstype: 3.1.3
      rc-util: 5.39.1(react-dom@18.2.0)(react@18.2.0)
      react: 18.2.0
      react-dom: 18.2.0(react@18.2.0)
      stylis: 4.3.1
    dev: false

  /@ant-design/icons-svg@4.4.2:
    resolution: {integrity: sha512-vHbT+zJEVzllwP+CM+ul7reTEfBR0vgxFe7+lREAsAA7YGsYpboiq2sQNeQeRvh09GfQgs/GyFEvZpJ9cLXpXA==}
    dev: false

  /@ant-design/icons@5.3.3(react-dom@18.2.0)(react@18.2.0):
    resolution: {integrity: sha512-Zfci1s4f4+vfpVD6ksmmPuBv00SB/slpUAQlsBlMeRJdSleVVkgTUdlBM4j/vGzqYfMh2hF8/Poa1VSh542w0Q==}
    engines: {node: '>=8'}
    peerDependencies:
      react: '>=16.0.0'
      react-dom: '>=16.0.0'
    dependencies:
      '@ant-design/colors': 7.0.2
      '@ant-design/icons-svg': 4.4.2
      '@babel/runtime': 7.24.0
      classnames: 2.5.1
      rc-util: 5.39.1(react-dom@18.2.0)(react@18.2.0)
      react: 18.2.0
      react-dom: 18.2.0(react@18.2.0)
    dev: false

  /@ant-design/react-slick@1.0.2(react@18.2.0):
    resolution: {integrity: sha512-Wj8onxL/T8KQLFFiCA4t8eIRGpRR+UPgOdac2sYzonv+i0n3kXHmvHLLiOYL655DQx2Umii9Y9nNgL7ssu5haQ==}
    peerDependencies:
      react: '>=16.9.0'
    dependencies:
      '@babel/runtime': 7.24.0
      classnames: 2.5.1
      json2mq: 0.2.0
      react: 18.2.0
      resize-observer-polyfill: 1.5.1
      throttle-debounce: 5.0.0
    dev: false

  /@babel/runtime@7.24.0:
    resolution: {integrity: sha512-Chk32uHMg6TnQdvw2e9IlqPpFX/6NLuK0Ys2PqLb7/gL5uFn9mXvK715FGLlOLQrcO4qIkNHkvPGktzzXexsFw==}
    engines: {node: '>=6.9.0'}
    dependencies:
      regenerator-runtime: 0.14.1
    dev: false

  /@ctrl/tinycolor@3.6.1:
    resolution: {integrity: sha512-SITSV6aIXsuVNV3f3O0f2n/cgyEDWoSqtZMYiAmcsYHydcKrOz3gUxB/iXd/Qf08+IZX4KpgNbvUdMBmWz+kcA==}
    engines: {node: '>=10'}
    dev: false

  /@emotion/hash@0.8.0:
    resolution: {integrity: sha512-kBJtf7PH6aWwZ6fka3zQ0p6SBYzx4fl1LoZXE2RrnYST9Xljm7WfKJrU4g/Xr3Beg72MLrp1AWNUmuYJTL7Cow==}
    dev: false

  /@emotion/unitless@0.7.5:
    resolution: {integrity: sha512-OWORNpfjMsSSUBVrRBVGECkhWcULOAJz9ZW8uK9qgxD+87M7jHRcvh/A96XXNhXTLmKcoYSQtBEX7lHMO7YRwg==}
    dev: false

  /@rc-component/color-picker@1.5.3(react-dom@18.2.0)(react@18.2.0):
    resolution: {integrity: sha512-+tGGH3nLmYXTalVe0L8hSZNs73VTP5ueSHwUlDC77KKRaN7G4DS4wcpG5DTDzdcV/Yas+rzA6UGgIyzd8fS4cw==}
    peerDependencies:
      react: '>=16.9.0'
      react-dom: '>=16.9.0'
    dependencies:
      '@babel/runtime': 7.24.0
      '@ctrl/tinycolor': 3.6.1
      classnames: 2.5.1
      rc-util: 5.39.1(react-dom@18.2.0)(react@18.2.0)
      react: 18.2.0
      react-dom: 18.2.0(react@18.2.0)
    dev: false

  /@rc-component/context@1.4.0(react-dom@18.2.0)(react@18.2.0):
    resolution: {integrity: sha512-kFcNxg9oLRMoL3qki0OMxK+7g5mypjgaaJp/pkOis/6rVxma9nJBF/8kCIuTYHUQNr0ii7MxqE33wirPZLJQ2w==}
    peerDependencies:
      react: '>=16.9.0'
      react-dom: '>=16.9.0'
    dependencies:
      '@babel/runtime': 7.24.0
      rc-util: 5.39.1(react-dom@18.2.0)(react@18.2.0)
      react: 18.2.0
      react-dom: 18.2.0(react@18.2.0)
    dev: false

  /@rc-component/mini-decimal@1.1.0:
    resolution: {integrity: sha512-jS4E7T9Li2GuYwI6PyiVXmxTiM6b07rlD9Ge8uGZSCz3WlzcG5ZK7g5bbuKNeZ9pgUuPK/5guV781ujdVpm4HQ==}
    engines: {node: '>=8.x'}
    dependencies:
      '@babel/runtime': 7.24.0
    dev: false

  /@rc-component/mutate-observer@1.1.0(react-dom@18.2.0)(react@18.2.0):
    resolution: {integrity: sha512-QjrOsDXQusNwGZPf4/qRQasg7UFEj06XiCJ8iuiq/Io7CrHrgVi6Uuetw60WAMG1799v+aM8kyc+1L/GBbHSlw==}
    engines: {node: '>=8.x'}
    peerDependencies:
      react: '>=16.9.0'
      react-dom: '>=16.9.0'
    dependencies:
      '@babel/runtime': 7.24.0
      classnames: 2.5.1
      rc-util: 5.39.1(react-dom@18.2.0)(react@18.2.0)
      react: 18.2.0
      react-dom: 18.2.0(react@18.2.0)
    dev: false

  /@rc-component/portal@1.1.2(react-dom@18.2.0)(react@18.2.0):
    resolution: {integrity: sha512-6f813C0IsasTZms08kfA8kPAGxbbkYToa8ALaiDIGGECU4i9hj8Plgbx0sNJDrey3EtHO30hmdaxtT0138xZcg==}
    engines: {node: '>=8.x'}
    peerDependencies:
      react: '>=16.9.0'
      react-dom: '>=16.9.0'
    dependencies:
      '@babel/runtime': 7.24.0
      classnames: 2.5.1
      rc-util: 5.39.1(react-dom@18.2.0)(react@18.2.0)
      react: 18.2.0
      react-dom: 18.2.0(react@18.2.0)
    dev: false

  /@rc-component/tour@1.14.2(react-dom@18.2.0)(react@18.2.0):
    resolution: {integrity: sha512-A75DZ8LVvahBIvxooj3Gvf2sxe+CGOkmzPNX7ek0i0AJHyKZ1HXe5ieIGo3m0FMdZfVOlbCJ952Duq8VKAHk6g==}
    engines: {node: '>=8.x'}
    peerDependencies:
      react: '>=16.9.0'
      react-dom: '>=16.9.0'
    dependencies:
      '@babel/runtime': 7.24.0
      '@rc-component/portal': 1.1.2(react-dom@18.2.0)(react@18.2.0)
      '@rc-component/trigger': 2.0.0(react-dom@18.2.0)(react@18.2.0)
      classnames: 2.5.1
      rc-util: 5.39.1(react-dom@18.2.0)(react@18.2.0)
      react: 18.2.0
      react-dom: 18.2.0(react@18.2.0)
    dev: false

  /@rc-component/trigger@2.0.0(react-dom@18.2.0)(react@18.2.0):
    resolution: {integrity: sha512-niwKADPdY5dhdIblV6uwSayVivwo2uUISfJqri+/ovYQcH/omxDYBJKo755QKeoIIsWptxnRpgr7reEnNEZGFg==}
    engines: {node: '>=8.x'}
    peerDependencies:
      react: '>=16.9.0'
      react-dom: '>=16.9.0'
    dependencies:
      '@babel/runtime': 7.24.0
      '@rc-component/portal': 1.1.2(react-dom@18.2.0)(react@18.2.0)
      classnames: 2.5.1
      rc-motion: 2.9.0(react-dom@18.2.0)(react@18.2.0)
      rc-resize-observer: 1.4.0(react-dom@18.2.0)(react@18.2.0)
      rc-util: 5.39.1(react-dom@18.2.0)(react@18.2.0)
      react: 18.2.0
      react-dom: 18.2.0(react@18.2.0)
    dev: false

  /@types/lodash@4.17.0:
    resolution: {integrity: sha512-t7dhREVv6dbNj0q17X12j7yDG4bD/DHYX7o5/DbDxobP0HnGPgpRz2Ej77aL7TZT3DSw13fqUTj8J4mMnqa7WA==}
    dev: true

  /@types/node@18.19.24:
    resolution: {integrity: sha512-eghAz3gnbQbvnHqB+mgB2ZR3aH6RhdEmHGS48BnV75KceQPHqabkxKI0BbUSsqhqy2Ddhc2xD/VAR9ySZd57Lw==}
    dependencies:
      undici-types: 5.26.5
    dev: true

  /@types/prop-types@15.7.11:
    resolution: {integrity: sha512-ga8y9v9uyeiLdpKddhxYQkxNDrfvuPrlFb0N1qnZZByvcElJaXthF1UhvCh9TLWJBEHeNtdnbysW7Y6Uq8CVng==}
    dev: true

  /@types/react-dom@18.2.22:
    resolution: {integrity: sha512-fHkBXPeNtfvri6gdsMYyW+dW7RXFo6Ad09nLFK0VQWR7yGLai/Cyvyj696gbwYvBnhGtevUG9cET0pmUbMtoPQ==}
    dependencies:
      '@types/react': 18.2.66
    dev: true

  /@types/react@18.2.66:
    resolution: {integrity: sha512-OYTmMI4UigXeFMF/j4uv0lBBEbongSgptPrHBxqME44h9+yNov+oL6Z3ocJKo0WyXR84sQUNeyIp9MRfckvZpg==}
    dependencies:
      '@types/prop-types': 15.7.11
      '@types/scheduler': 0.16.8
      csstype: 3.1.3
    dev: true

  /@types/scheduler@0.16.8:
    resolution: {integrity: sha512-WZLiwShhwLRmeV6zH+GkbOFT6Z6VklCItrDioxUnv+u4Ll+8vKeFySoFyK/0ctcRpOmwAicELfmys1sDc/Rw+A==}
    dev: true

  /antd@5.15.3(react-dom@18.2.0)(react@18.2.0):
    resolution: {integrity: sha512-53dpdGbfwipHVbqITmppp8N16i+BscMzz8NUNwaJgxwSvO9VQh/NfC/90lqGq3I2oBmxQ8TzRIxzFVKD/9OhlQ==}
    peerDependencies:
      react: '>=16.9.0'
      react-dom: '>=16.9.0'
    dependencies:
      '@ant-design/colors': 7.0.2
      '@ant-design/cssinjs': 1.18.4(react-dom@18.2.0)(react@18.2.0)
      '@ant-design/icons': 5.3.3(react-dom@18.2.0)(react@18.2.0)
      '@ant-design/react-slick': 1.0.2(react@18.2.0)
      '@babel/runtime': 7.24.0
      '@ctrl/tinycolor': 3.6.1
      '@rc-component/color-picker': 1.5.3(react-dom@18.2.0)(react@18.2.0)
      '@rc-component/mutate-observer': 1.1.0(react-dom@18.2.0)(react@18.2.0)
      '@rc-component/tour': 1.14.2(react-dom@18.2.0)(react@18.2.0)
      '@rc-component/trigger': 2.0.0(react-dom@18.2.0)(react@18.2.0)
      classnames: 2.5.1
      copy-to-clipboard: 3.3.3
      dayjs: 1.11.10
      qrcode.react: 3.1.0(react@18.2.0)
      rc-cascader: 3.24.0(react-dom@18.2.0)(react@18.2.0)
      rc-checkbox: 3.2.0(react-dom@18.2.0)(react@18.2.0)
      rc-collapse: 3.7.3(react-dom@18.2.0)(react@18.2.0)
      rc-dialog: 9.4.0(react-dom@18.2.0)(react@18.2.0)
      rc-drawer: 7.1.0(react-dom@18.2.0)(react@18.2.0)
      rc-dropdown: 4.2.0(react-dom@18.2.0)(react@18.2.0)
      rc-field-form: 1.42.1(react-dom@18.2.0)(react@18.2.0)
      rc-image: 7.6.0(react-dom@18.2.0)(react@18.2.0)
      rc-input: 1.4.5(react-dom@18.2.0)(react@18.2.0)
      rc-input-number: 9.0.0(react-dom@18.2.0)(react@18.2.0)
      rc-mentions: 2.11.1(react-dom@18.2.0)(react@18.2.0)
      rc-menu: 9.13.0(react-dom@18.2.0)(react@18.2.0)
      rc-motion: 2.9.0(react-dom@18.2.0)(react@18.2.0)
      rc-notification: 5.3.0(react-dom@18.2.0)(react@18.2.0)
      rc-pagination: 4.0.4(react-dom@18.2.0)(react@18.2.0)
      rc-picker: 4.3.0(dayjs@1.11.10)(react-dom@18.2.0)(react@18.2.0)
      rc-progress: 3.5.1(react-dom@18.2.0)(react@18.2.0)
      rc-rate: 2.12.0(react-dom@18.2.0)(react@18.2.0)
      rc-resize-observer: 1.4.0(react-dom@18.2.0)(react@18.2.0)
      rc-segmented: 2.3.0(react-dom@18.2.0)(react@18.2.0)
      rc-select: 14.13.0(react-dom@18.2.0)(react@18.2.0)
      rc-slider: 10.5.0(react-dom@18.2.0)(react@18.2.0)
      rc-steps: 6.0.1(react-dom@18.2.0)(react@18.2.0)
      rc-switch: 4.1.0(react-dom@18.2.0)(react@18.2.0)
      rc-table: 7.42.0(react-dom@18.2.0)(react@18.2.0)
      rc-tabs: 14.1.1(react-dom@18.2.0)(react@18.2.0)
      rc-textarea: 1.6.3(react-dom@18.2.0)(react@18.2.0)
      rc-tooltip: 6.2.0(react-dom@18.2.0)(react@18.2.0)
      rc-tree: 5.8.5(react-dom@18.2.0)(react@18.2.0)
      rc-tree-select: 5.19.0(react-dom@18.2.0)(react@18.2.0)
      rc-upload: 4.5.2(react-dom@18.2.0)(react@18.2.0)
      rc-util: 5.39.1(react-dom@18.2.0)(react@18.2.0)
      react: 18.2.0
      react-dom: 18.2.0(react@18.2.0)
      scroll-into-view-if-needed: 3.1.0
      throttle-debounce: 5.0.0
    transitivePeerDependencies:
      - date-fns
      - luxon
      - moment
    dev: false

  /array-tree-filter@2.1.0:
    resolution: {integrity: sha512-4ROwICNlNw/Hqa9v+rk5h22KjmzB1JGTMVKP2AKJBOCgb0yL0ASf0+YvCcLNNwquOHNX48jkeZIJ3a+oOQqKcw==}
    dev: false

  /async-validator@4.2.5:
    resolution: {integrity: sha512-7HhHjtERjqlNbZtqNqy2rckN/SpOOlmDliet+lP7k+eKZEjPk3DgyeU9lIXLdeLz0uBbbVp+9Qdow9wJWgwwfg==}
    dev: false

  /classnames@2.5.1:
    resolution: {integrity: sha512-saHYOzhIQs6wy2sVxTM6bUDsQO4F50V9RQ22qBpEdCW+I+/Wmke2HOl6lS6dTpdxVhb88/I6+Hs+438c3lfUow==}
    dev: false

  /compute-scroll-into-view@3.1.0:
    resolution: {integrity: sha512-rj8l8pD4bJ1nx+dAkMhV1xB5RuZEyVysfxJqB1pRchh1KVvwOv9b7CGB8ZfjTImVv2oF+sYMUkMZq6Na5Ftmbg==}
    dev: false

  /copy-to-clipboard@3.3.3:
    resolution: {integrity: sha512-2KV8NhB5JqC3ky0r9PMCAZKbUHSwtEo4CwCs0KXgruG43gX5PMqDEBbVU4OUzw2MuAWUfsuFmWvEKG5QRfSnJA==}
    dependencies:
      toggle-selection: 1.0.6
    dev: false

  /csstype@3.1.3:
    resolution: {integrity: sha512-M1uQkMl8rQK/szD0LNhtqxIPLpimGm8sOBwU7lLnCpSbTyY3yeU1Vc7l4KT5zT4s/yOxHH5O7tIuuLOCnLADRw==}

  /dayjs@1.11.10:
    resolution: {integrity: sha512-vjAczensTgRcqDERK0SR2XMwsF/tSvnvlv6VcF2GIhg6Sx4yOIt/irsr1RDJsKiIyBzJDpCoXiWWq28MqH2cnQ==}
    dev: false

  /js-tokens@4.0.0:
    resolution: {integrity: sha512-RdJUflcE3cUzKiMqQgsCu06FPu9UdIJO0beYbPhHN4k6apgJtifcoCtT9bcxOpYBtpD2kCM6Sbzg4CausW/PKQ==}
    dev: false

  /json2mq@0.2.0:
    resolution: {integrity: sha512-SzoRg7ux5DWTII9J2qkrZrqV1gt+rTaoufMxEzXbS26Uid0NwaJd123HcoB80TgubEppxxIGdNxCx50fEoEWQA==}
    dependencies:
      string-convert: 0.2.1
    dev: false

  /lodash@4.17.21:
    resolution: {integrity: sha512-v2kDEe57lecTulaDIuNTPy3Ry4gLGJ6Z1O3vE1krgXZNrsQ+LFTGHVxVjcXPs17LhbZVGedAJv8XZ1tvj5FvSg==}
    dev: true

  /loose-envify@1.4.0:
    resolution: {integrity: sha512-lyuxPGr/Wfhrlem2CL/UcnUc1zcqKAImBDzukY7Y5F/yQiNdko6+fRLevlw1HgMySw7f611UIY408EtxRSoK3Q==}
    hasBin: true
    dependencies:
      js-tokens: 4.0.0
    dev: false

  /qrcode.react@3.1.0(react@18.2.0):
    resolution: {integrity: sha512-oyF+Urr3oAMUG/OiOuONL3HXM+53wvuH3mtIWQrYmsXoAq0DkvZp2RYUWFSMFtbdOpuS++9v+WAkzNVkMlNW6Q==}
    peerDependencies:
      react: ^16.8.0 || ^17.0.0 || ^18.0.0
    dependencies:
      react: 18.2.0
    dev: false

  /rc-cascader@3.24.0(react-dom@18.2.0)(react@18.2.0):
    resolution: {integrity: sha512-NwkYsVULA61S085jbOYbq8Z7leyIxVmLwf+71mWLjA3kCfUf/rAKC0WfjQbqBDaLGlU9d4z1EzyPaHBKLYWv6A==}
    peerDependencies:
      react: '>=16.9.0'
      react-dom: '>=16.9.0'
    dependencies:
      '@babel/runtime': 7.24.0
      array-tree-filter: 2.1.0
      classnames: 2.5.1
      rc-select: 14.13.0(react-dom@18.2.0)(react@18.2.0)
      rc-tree: 5.8.5(react-dom@18.2.0)(react@18.2.0)
      rc-util: 5.39.1(react-dom@18.2.0)(react@18.2.0)
      react: 18.2.0
      react-dom: 18.2.0(react@18.2.0)
    dev: false

  /rc-checkbox@3.2.0(react-dom@18.2.0)(react@18.2.0):
    resolution: {integrity: sha512-8inzw4y9dAhZmv/Ydl59Qdy5tdp9CKg4oPVcRigi+ga/yKPZS5m5SyyQPtYSgbcqHRYOdUhiPSeKfktc76du1A==}
    peerDependencies:
      react: '>=16.9.0'
      react-dom: '>=16.9.0'
    dependencies:
      '@babel/runtime': 7.24.0
      classnames: 2.5.1
      rc-util: 5.39.1(react-dom@18.2.0)(react@18.2.0)
      react: 18.2.0
      react-dom: 18.2.0(react@18.2.0)
    dev: false

  /rc-collapse@3.7.3(react-dom@18.2.0)(react@18.2.0):
    resolution: {integrity: sha512-60FJcdTRn0X5sELF18TANwtVi7FtModq649H11mYF1jh83DniMoM4MqY627sEKRCTm4+WXfGDcB7hY5oW6xhyw==}
    peerDependencies:
      react: '>=16.9.0'
      react-dom: '>=16.9.0'
    dependencies:
      '@babel/runtime': 7.24.0
      classnames: 2.5.1
      rc-motion: 2.9.0(react-dom@18.2.0)(react@18.2.0)
      rc-util: 5.39.1(react-dom@18.2.0)(react@18.2.0)
      react: 18.2.0
      react-dom: 18.2.0(react@18.2.0)
    dev: false

  /rc-dialog@9.4.0(react-dom@18.2.0)(react@18.2.0):
    resolution: {integrity: sha512-AScCexaLACvf8KZRqCPz12BJ8olszXOS4lKlkMyzDQHS1m0zj1KZMYgmMCh39ee0Dcv8kyrj8mTqxuLyhH+QuQ==}
    peerDependencies:
      react: '>=16.9.0'
      react-dom: '>=16.9.0'
    dependencies:
      '@babel/runtime': 7.24.0
      '@rc-component/portal': 1.1.2(react-dom@18.2.0)(react@18.2.0)
      classnames: 2.5.1
      rc-motion: 2.9.0(react-dom@18.2.0)(react@18.2.0)
      rc-util: 5.39.1(react-dom@18.2.0)(react@18.2.0)
      react: 18.2.0
      react-dom: 18.2.0(react@18.2.0)
    dev: false

  /rc-drawer@7.1.0(react-dom@18.2.0)(react@18.2.0):
    resolution: {integrity: sha512-nBE1rF5iZvpavoyqhSSz2mk/yANltA7g3aF0U45xkx381n3we/RKs9cJfNKp9mSWCedOKWt9FLEwZDaAaOGn2w==}
    peerDependencies:
      react: '>=16.9.0'
      react-dom: '>=16.9.0'
    dependencies:
      '@babel/runtime': 7.24.0
      '@rc-component/portal': 1.1.2(react-dom@18.2.0)(react@18.2.0)
      classnames: 2.5.1
      rc-motion: 2.9.0(react-dom@18.2.0)(react@18.2.0)
      rc-util: 5.39.1(react-dom@18.2.0)(react@18.2.0)
      react: 18.2.0
      react-dom: 18.2.0(react@18.2.0)
    dev: false

  /rc-dropdown@4.2.0(react-dom@18.2.0)(react@18.2.0):
    resolution: {integrity: sha512-odM8Ove+gSh0zU27DUj5cG1gNKg7mLWBYzB5E4nNLrLwBmYEgYP43vHKDGOVZcJSVElQBI0+jTQgjnq0NfLjng==}
    peerDependencies:
      react: '>=16.11.0'
      react-dom: '>=16.11.0'
    dependencies:
      '@babel/runtime': 7.24.0
      '@rc-component/trigger': 2.0.0(react-dom@18.2.0)(react@18.2.0)
      classnames: 2.5.1
      rc-util: 5.39.1(react-dom@18.2.0)(react@18.2.0)
      react: 18.2.0
      react-dom: 18.2.0(react@18.2.0)
    dev: false

  /rc-field-form@1.42.1(react-dom@18.2.0)(react@18.2.0):
    resolution: {integrity: sha512-SqiEmWNP+I61Lt80+ofPvT+3l8Ij6vb35IS+x14gheVnCJN0SRnOwEgsqCEB5FslT7xqjUqDnU845hRZ1jzlAA==}
    engines: {node: '>=8.x'}
    peerDependencies:
      react: '>=16.9.0'
      react-dom: '>=16.9.0'
    dependencies:
      '@babel/runtime': 7.24.0
      async-validator: 4.2.5
      rc-util: 5.39.1(react-dom@18.2.0)(react@18.2.0)
      react: 18.2.0
      react-dom: 18.2.0(react@18.2.0)
    dev: false

  /rc-image@7.6.0(react-dom@18.2.0)(react@18.2.0):
    resolution: {integrity: sha512-tL3Rvd1sS+frZQ01i+tkeUPaOeFz2iG9/scAt/Cfs0hyCRVA/w0Pu1J/JxIX8blalvmHE0bZQRYdOmRAzWu4Hg==}
    peerDependencies:
      react: '>=16.9.0'
      react-dom: '>=16.9.0'
    dependencies:
      '@babel/runtime': 7.24.0
      '@rc-component/portal': 1.1.2(react-dom@18.2.0)(react@18.2.0)
      classnames: 2.5.1
      rc-dialog: 9.4.0(react-dom@18.2.0)(react@18.2.0)
      rc-motion: 2.9.0(react-dom@18.2.0)(react@18.2.0)
      rc-util: 5.39.1(react-dom@18.2.0)(react@18.2.0)
      react: 18.2.0
      react-dom: 18.2.0(react@18.2.0)
    dev: false

  /rc-input-number@9.0.0(react-dom@18.2.0)(react@18.2.0):
    resolution: {integrity: sha512-RfcDBDdWFFetouWFXBA+WPEC8LzBXyngr9b+yTLVIygfFu7HiLRGn/s/v9wwno94X7KFvnb28FNynMGj9XJlDQ==}
    peerDependencies:
      react: '>=16.9.0'
      react-dom: '>=16.9.0'
    dependencies:
      '@babel/runtime': 7.24.0
      '@rc-component/mini-decimal': 1.1.0
      classnames: 2.5.1
      rc-input: 1.4.5(react-dom@18.2.0)(react@18.2.0)
      rc-util: 5.39.1(react-dom@18.2.0)(react@18.2.0)
      react: 18.2.0
      react-dom: 18.2.0(react@18.2.0)
    dev: false

  /rc-input@1.4.5(react-dom@18.2.0)(react@18.2.0):
    resolution: {integrity: sha512-AjzykhwnwYTRSwwgCu70CGKBIAv6bP2nqnFptnNTprph/TF1BAs0Qxl91mie/BR6n827WIJB6ZjaRf9iiMwAfw==}
    peerDependencies:
      react: '>=16.0.0'
      react-dom: '>=16.0.0'
    dependencies:
      '@babel/runtime': 7.24.0
      classnames: 2.5.1
      rc-util: 5.39.1(react-dom@18.2.0)(react@18.2.0)
      react: 18.2.0
      react-dom: 18.2.0(react@18.2.0)
    dev: false

  /rc-mentions@2.11.1(react-dom@18.2.0)(react@18.2.0):
    resolution: {integrity: sha512-upb4AK1SRFql7qGnbLEvJqLMugVVIyjmwBJW9L0eLoN9po4JmJZaBzmKA4089fNtsU8k6l/tdZiVafyooeKnLw==}
    peerDependencies:
      react: '>=16.9.0'
      react-dom: '>=16.9.0'
    dependencies:
      '@babel/runtime': 7.24.0
      '@rc-component/trigger': 2.0.0(react-dom@18.2.0)(react@18.2.0)
      classnames: 2.5.1
      rc-input: 1.4.5(react-dom@18.2.0)(react@18.2.0)
      rc-menu: 9.13.0(react-dom@18.2.0)(react@18.2.0)
      rc-textarea: 1.6.3(react-dom@18.2.0)(react@18.2.0)
      rc-util: 5.39.1(react-dom@18.2.0)(react@18.2.0)
      react: 18.2.0
      react-dom: 18.2.0(react@18.2.0)
    dev: false

  /rc-menu@9.13.0(react-dom@18.2.0)(react@18.2.0):
    resolution: {integrity: sha512-1l8ooCB3HcYJKCltC/s7OxRKRjgymdl9htrCeGZcXNaMct0RxZRK6OPV3lPhVksIvAGMgzPd54ClpZ5J4b8cZA==}
    peerDependencies:
      react: '>=16.9.0'
      react-dom: '>=16.9.0'
    dependencies:
      '@babel/runtime': 7.24.0
      '@rc-component/trigger': 2.0.0(react-dom@18.2.0)(react@18.2.0)
      classnames: 2.5.1
      rc-motion: 2.9.0(react-dom@18.2.0)(react@18.2.0)
      rc-overflow: 1.3.2(react-dom@18.2.0)(react@18.2.0)
      rc-util: 5.39.1(react-dom@18.2.0)(react@18.2.0)
      react: 18.2.0
      react-dom: 18.2.0(react@18.2.0)
    dev: false

  /rc-motion@2.9.0(react-dom@18.2.0)(react@18.2.0):
    resolution: {integrity: sha512-XIU2+xLkdIr1/h6ohPZXyPBMvOmuyFZQ/T0xnawz+Rh+gh4FINcnZmMT5UTIj6hgI0VLDjTaPeRd+smJeSPqiQ==}
    peerDependencies:
      react: '>=16.9.0'
      react-dom: '>=16.9.0'
    dependencies:
      '@babel/runtime': 7.24.0
      classnames: 2.5.1
      rc-util: 5.39.1(react-dom@18.2.0)(react@18.2.0)
      react: 18.2.0
      react-dom: 18.2.0(react@18.2.0)
    dev: false

  /rc-notification@5.3.0(react-dom@18.2.0)(react@18.2.0):
    resolution: {integrity: sha512-WCf0uCOkZ3HGfF0p1H4Sgt7aWfipxORWTPp7o6prA3vxwtWhtug3GfpYls1pnBp4WA+j8vGIi5c2/hQRpGzPcQ==}
    engines: {node: '>=8.x'}
    peerDependencies:
      react: '>=16.9.0'
      react-dom: '>=16.9.0'
    dependencies:
      '@babel/runtime': 7.24.0
      classnames: 2.5.1
      rc-motion: 2.9.0(react-dom@18.2.0)(react@18.2.0)
      rc-util: 5.39.1(react-dom@18.2.0)(react@18.2.0)
      react: 18.2.0
      react-dom: 18.2.0(react@18.2.0)
    dev: false

  /rc-overflow@1.3.2(react-dom@18.2.0)(react@18.2.0):
    resolution: {integrity: sha512-nsUm78jkYAoPygDAcGZeC2VwIg/IBGSodtOY3pMof4W3M9qRJgqaDYm03ZayHlde3I6ipliAxbN0RUcGf5KOzw==}
    peerDependencies:
      react: '>=16.9.0'
      react-dom: '>=16.9.0'
    dependencies:
      '@babel/runtime': 7.24.0
      classnames: 2.5.1
      rc-resize-observer: 1.4.0(react-dom@18.2.0)(react@18.2.0)
      rc-util: 5.39.1(react-dom@18.2.0)(react@18.2.0)
      react: 18.2.0
      react-dom: 18.2.0(react@18.2.0)
    dev: false

  /rc-pagination@4.0.4(react-dom@18.2.0)(react@18.2.0):
    resolution: {integrity: sha512-GGrLT4NgG6wgJpT/hHIpL9nELv27A1XbSZzECIuQBQTVSf4xGKxWr6I/jhpRPauYEWEbWVw22ObG6tJQqwJqWQ==}
    peerDependencies:
      react: '>=16.9.0'
      react-dom: '>=16.9.0'
    dependencies:
      '@babel/runtime': 7.24.0
      classnames: 2.5.1
      rc-util: 5.39.1(react-dom@18.2.0)(react@18.2.0)
      react: 18.2.0
      react-dom: 18.2.0(react@18.2.0)
    dev: false

  /rc-picker@4.3.0(dayjs@1.11.10)(react-dom@18.2.0)(react@18.2.0):
    resolution: {integrity: sha512-bQNB/+NdW55jlQ5lPnNqF5J90Tq4SihLbAF7tzPBvGDJyoYmDgwLm4FN0ZB3Ot9i1v6vJY/1mgqZZTT9jbYc5w==}
    engines: {node: '>=8.x'}
    peerDependencies:
      date-fns: '>= 2.x'
      dayjs: '>= 1.x'
      luxon: '>= 3.x'
      moment: '>= 2.x'
      react: '>=16.9.0'
      react-dom: '>=16.9.0'
    peerDependenciesMeta:
      date-fns:
        optional: true
      dayjs:
        optional: true
      luxon:
        optional: true
      moment:
        optional: true
    dependencies:
      '@babel/runtime': 7.24.0
      '@rc-component/trigger': 2.0.0(react-dom@18.2.0)(react@18.2.0)
      classnames: 2.5.1
      dayjs: 1.11.10
      rc-overflow: 1.3.2(react-dom@18.2.0)(react@18.2.0)
      rc-resize-observer: 1.4.0(react-dom@18.2.0)(react@18.2.0)
      rc-util: 5.39.1(react-dom@18.2.0)(react@18.2.0)
      react: 18.2.0
      react-dom: 18.2.0(react@18.2.0)
    dev: false

  /rc-progress@3.5.1(react-dom@18.2.0)(react@18.2.0):
    resolution: {integrity: sha512-V6Amx6SbLRwPin/oD+k1vbPrO8+9Qf8zW1T8A7o83HdNafEVvAxPV5YsgtKFP+Ud5HghLj33zKOcEHrcrUGkfw==}
    peerDependencies:
      react: '>=16.9.0'
      react-dom: '>=16.9.0'
    dependencies:
      '@babel/runtime': 7.24.0
      classnames: 2.5.1
      rc-util: 5.39.1(react-dom@18.2.0)(react@18.2.0)
      react: 18.2.0
      react-dom: 18.2.0(react@18.2.0)
    dev: false

  /rc-rate@2.12.0(react-dom@18.2.0)(react@18.2.0):
    resolution: {integrity: sha512-g092v5iZCdVzbjdn28FzvWebK2IutoVoiTeqoLTj9WM7SjA/gOJIw5/JFZMRyJYYVe1jLAU2UhAfstIpCNRozg==}
    engines: {node: '>=8.x'}
    peerDependencies:
      react: '>=16.9.0'
      react-dom: '>=16.9.0'
    dependencies:
      '@babel/runtime': 7.24.0
      classnames: 2.5.1
      rc-util: 5.39.1(react-dom@18.2.0)(react@18.2.0)
      react: 18.2.0
      react-dom: 18.2.0(react@18.2.0)
    dev: false

  /rc-resize-observer@1.4.0(react-dom@18.2.0)(react@18.2.0):
    resolution: {integrity: sha512-PnMVyRid9JLxFavTjeDXEXo65HCRqbmLBw9xX9gfC4BZiSzbLXKzW3jPz+J0P71pLbD5tBMTT+mkstV5gD0c9Q==}
    peerDependencies:
      react: '>=16.9.0'
      react-dom: '>=16.9.0'
    dependencies:
      '@babel/runtime': 7.24.0
      classnames: 2.5.1
      rc-util: 5.39.1(react-dom@18.2.0)(react@18.2.0)
      react: 18.2.0
      react-dom: 18.2.0(react@18.2.0)
      resize-observer-polyfill: 1.5.1
    dev: false

  /rc-segmented@2.3.0(react-dom@18.2.0)(react@18.2.0):
    resolution: {integrity: sha512-I3FtM5Smua/ESXutFfb8gJ8ZPcvFR+qUgeeGFQHBOvRiRKyAk4aBE5nfqrxXx+h8/vn60DQjOt6i4RNtrbOobg==}
    peerDependencies:
      react: '>=16.0.0'
      react-dom: '>=16.0.0'
    dependencies:
      '@babel/runtime': 7.24.0
      classnames: 2.5.1
      rc-motion: 2.9.0(react-dom@18.2.0)(react@18.2.0)
      rc-util: 5.39.1(react-dom@18.2.0)(react@18.2.0)
      react: 18.2.0
      react-dom: 18.2.0(react@18.2.0)
    dev: false

  /rc-select@14.13.0(react-dom@18.2.0)(react@18.2.0):
    resolution: {integrity: sha512-ew34FsaqHokK4dxVrcIxSYrgWJ2XJYlkk32eiOIiEo3GkHUExdCzmozMYaUc2P67c5QJRUvvY0uqCs3QG67h5A==}
    engines: {node: '>=8.x'}
    peerDependencies:
      react: '*'
      react-dom: '*'
    dependencies:
      '@babel/runtime': 7.24.0
      '@rc-component/trigger': 2.0.0(react-dom@18.2.0)(react@18.2.0)
      classnames: 2.5.1
      rc-motion: 2.9.0(react-dom@18.2.0)(react@18.2.0)
      rc-overflow: 1.3.2(react-dom@18.2.0)(react@18.2.0)
      rc-util: 5.39.1(react-dom@18.2.0)(react@18.2.0)
      rc-virtual-list: 3.11.4(react-dom@18.2.0)(react@18.2.0)
      react: 18.2.0
      react-dom: 18.2.0(react@18.2.0)
    dev: false

  /rc-slider@10.5.0(react-dom@18.2.0)(react@18.2.0):
    resolution: {integrity: sha512-xiYght50cvoODZYI43v3Ylsqiw14+D7ELsgzR40boDZaya1HFa1Etnv9MDkQE8X/UrXAffwv2AcNAhslgYuDTw==}
    engines: {node: '>=8.x'}
    peerDependencies:
      react: '>=16.9.0'
      react-dom: '>=16.9.0'
    dependencies:
      '@babel/runtime': 7.24.0
      classnames: 2.5.1
      rc-util: 5.39.1(react-dom@18.2.0)(react@18.2.0)
      react: 18.2.0
      react-dom: 18.2.0(react@18.2.0)
    dev: false

  /rc-steps@6.0.1(react-dom@18.2.0)(react@18.2.0):
    resolution: {integrity: sha512-lKHL+Sny0SeHkQKKDJlAjV5oZ8DwCdS2hFhAkIjuQt1/pB81M0cA0ErVFdHq9+jmPmFw1vJB2F5NBzFXLJxV+g==}
    engines: {node: '>=8.x'}
    peerDependencies:
      react: '>=16.9.0'
      react-dom: '>=16.9.0'
    dependencies:
      '@babel/runtime': 7.24.0
      classnames: 2.5.1
      rc-util: 5.39.1(react-dom@18.2.0)(react@18.2.0)
      react: 18.2.0
      react-dom: 18.2.0(react@18.2.0)
    dev: false

  /rc-switch@4.1.0(react-dom@18.2.0)(react@18.2.0):
    resolution: {integrity: sha512-TI8ufP2Az9oEbvyCeVE4+90PDSljGyuwix3fV58p7HV2o4wBnVToEyomJRVyTaZeqNPAp+vqeo4Wnj5u0ZZQBg==}
    peerDependencies:
      react: '>=16.9.0'
      react-dom: '>=16.9.0'
    dependencies:
      '@babel/runtime': 7.24.0
      classnames: 2.5.1
      rc-util: 5.39.1(react-dom@18.2.0)(react@18.2.0)
      react: 18.2.0
      react-dom: 18.2.0(react@18.2.0)
    dev: false

  /rc-table@7.42.0(react-dom@18.2.0)(react@18.2.0):
    resolution: {integrity: sha512-GwHV9Zs3HvWxBkoXatO/IeKoElzy3Ojf3dcyw1Rj3cyQVb+ZHtexslKdyzsrKRPJ0mUa62BoX+ZAg3zgTEql8w==}
    engines: {node: '>=8.x'}
    peerDependencies:
      react: '>=16.9.0'
      react-dom: '>=16.9.0'
    dependencies:
      '@babel/runtime': 7.24.0
      '@rc-component/context': 1.4.0(react-dom@18.2.0)(react@18.2.0)
      classnames: 2.5.1
      rc-resize-observer: 1.4.0(react-dom@18.2.0)(react@18.2.0)
      rc-util: 5.39.1(react-dom@18.2.0)(react@18.2.0)
      rc-virtual-list: 3.11.4(react-dom@18.2.0)(react@18.2.0)
      react: 18.2.0
      react-dom: 18.2.0(react@18.2.0)
    dev: false

  /rc-tabs@14.1.1(react-dom@18.2.0)(react@18.2.0):
    resolution: {integrity: sha512-5nOr9PVpJy2SWHTLgv1+kESDOb0tFzl0cYU9r9d8LfL0Wg9i/n1B558rmkxdQHgBwMqxmwoyPSAbQROxMQe8nw==}
    engines: {node: '>=8.x'}
    peerDependencies:
      react: '>=16.9.0'
      react-dom: '>=16.9.0'
    dependencies:
      '@babel/runtime': 7.24.0
      classnames: 2.5.1
      rc-dropdown: 4.2.0(react-dom@18.2.0)(react@18.2.0)
      rc-menu: 9.13.0(react-dom@18.2.0)(react@18.2.0)
      rc-motion: 2.9.0(react-dom@18.2.0)(react@18.2.0)
      rc-resize-observer: 1.4.0(react-dom@18.2.0)(react@18.2.0)
      rc-util: 5.39.1(react-dom@18.2.0)(react@18.2.0)
      react: 18.2.0
      react-dom: 18.2.0(react@18.2.0)
    dev: false

  /rc-textarea@1.6.3(react-dom@18.2.0)(react@18.2.0):
    resolution: {integrity: sha512-8k7+8Y2GJ/cQLiClFMg8kUXOOdvcFQrnGeSchOvI2ZMIVvX5a3zQpLxoODL0HTrvU63fPkRmMuqaEcOF9dQemA==}
    peerDependencies:
      react: '>=16.9.0'
      react-dom: '>=16.9.0'
    dependencies:
      '@babel/runtime': 7.24.0
      classnames: 2.5.1
      rc-input: 1.4.5(react-dom@18.2.0)(react@18.2.0)
      rc-resize-observer: 1.4.0(react-dom@18.2.0)(react@18.2.0)
      rc-util: 5.39.1(react-dom@18.2.0)(react@18.2.0)
      react: 18.2.0
      react-dom: 18.2.0(react@18.2.0)
    dev: false

  /rc-tooltip@6.2.0(react-dom@18.2.0)(react@18.2.0):
    resolution: {integrity: sha512-iS/3iOAvtDh9GIx1ulY7EFUXUtktFccNLsARo3NPgLf0QW9oT0w3dA9cYWlhqAKmD+uriEwdWz1kH0Qs4zk2Aw==}
    peerDependencies:
      react: '>=16.9.0'
      react-dom: '>=16.9.0'
    dependencies:
      '@babel/runtime': 7.24.0
      '@rc-component/trigger': 2.0.0(react-dom@18.2.0)(react@18.2.0)
      classnames: 2.5.1
      react: 18.2.0
      react-dom: 18.2.0(react@18.2.0)
    dev: false

  /rc-tree-select@5.19.0(react-dom@18.2.0)(react@18.2.0):
    resolution: {integrity: sha512-f4l5EsmSGF3ggj76YTzKNPY9SnXfFaer7ZccTSGb3urUf54L+cCqyT+UsPr+S5TAr8mZSxJ7g3CgkCe+cVQ6sw==}
    peerDependencies:
      react: '*'
      react-dom: '*'
    dependencies:
      '@babel/runtime': 7.24.0
      classnames: 2.5.1
      rc-select: 14.13.0(react-dom@18.2.0)(react@18.2.0)
      rc-tree: 5.8.5(react-dom@18.2.0)(react@18.2.0)
      rc-util: 5.39.1(react-dom@18.2.0)(react@18.2.0)
      react: 18.2.0
      react-dom: 18.2.0(react@18.2.0)
    dev: false

  /rc-tree@5.8.5(react-dom@18.2.0)(react@18.2.0):
    resolution: {integrity: sha512-PRfcZtVDNkR7oh26RuNe1hpw11c1wfgzwmPFL0lnxGnYefe9lDAO6cg5wJKIAwyXFVt5zHgpjYmaz0CPy1ZtKg==}
    engines: {node: '>=10.x'}
    peerDependencies:
      react: '*'
      react-dom: '*'
    dependencies:
      '@babel/runtime': 7.24.0
      classnames: 2.5.1
      rc-motion: 2.9.0(react-dom@18.2.0)(react@18.2.0)
      rc-util: 5.39.1(react-dom@18.2.0)(react@18.2.0)
      rc-virtual-list: 3.11.4(react-dom@18.2.0)(react@18.2.0)
      react: 18.2.0
      react-dom: 18.2.0(react@18.2.0)
    dev: false

  /rc-upload@4.5.2(react-dom@18.2.0)(react@18.2.0):
    resolution: {integrity: sha512-QO3ne77DwnAPKFn0bA5qJM81QBjQi0e0NHdkvpFyY73Bea2NfITiotqJqVjHgeYPOJu5lLVR32TNGP084aSoXA==}
    peerDependencies:
      react: '>=16.9.0'
      react-dom: '>=16.9.0'
    dependencies:
      '@babel/runtime': 7.24.0
      classnames: 2.5.1
      rc-util: 5.39.1(react-dom@18.2.0)(react@18.2.0)
      react: 18.2.0
      react-dom: 18.2.0(react@18.2.0)
    dev: false

  /rc-util@5.39.1(react-dom@18.2.0)(react@18.2.0):
    resolution: {integrity: sha512-OW/ERynNDgNr4y0oiFmtes3rbEamXw7GHGbkbNd9iRr7kgT03T6fT0b9WpJ3mbxKhyOcAHnGcIoh5u/cjrC2OQ==}
    peerDependencies:
      react: '>=16.9.0'
      react-dom: '>=16.9.0'
    dependencies:
      '@babel/runtime': 7.24.0
      react: 18.2.0
      react-dom: 18.2.0(react@18.2.0)
      react-is: 18.2.0
    dev: false

  /rc-virtual-list@3.11.4(react-dom@18.2.0)(react@18.2.0):
    resolution: {integrity: sha512-NbBi0fvyIu26gP69nQBiWgUMTPX3mr4FcuBQiVqagU0BnuX8WQkiivnMs105JROeuUIFczLrlgUhLQwTWV1XDA==}
    engines: {node: '>=8.x'}
    peerDependencies:
      react: '>=16.9.0'
      react-dom: '>=16.9.0'
    dependencies:
      '@babel/runtime': 7.24.0
      classnames: 2.5.1
      rc-resize-observer: 1.4.0(react-dom@18.2.0)(react@18.2.0)
      rc-util: 5.39.1(react-dom@18.2.0)(react@18.2.0)
      react: 18.2.0
      react-dom: 18.2.0(react@18.2.0)
    dev: false

  /react-dom@18.2.0(react@18.2.0):
    resolution: {integrity: sha512-6IMTriUmvsjHUjNtEDudZfuDQUoWXVxKHhlEGSk81n4YFS+r/Kl99wXiwlVXtPBtJenozv2P+hxDsw9eA7Xo6g==}
    peerDependencies:
      react: ^18.2.0
    dependencies:
      loose-envify: 1.4.0
      react: 18.2.0
      scheduler: 0.23.0
    dev: false

  /react-is@18.2.0:
    resolution: {integrity: sha512-xWGDIW6x921xtzPkhiULtthJHoJvBbF3q26fzloPCK0hsvxtPVelvftw3zjbHWSkR2km9Z+4uxbDDK/6Zw9B8w==}
    dev: false

  /react@18.2.0:
    resolution: {integrity: sha512-/3IjMdb2L9QbBdWiW5e3P2/npwMBaU9mHCSCUzNln0ZCYbcfTsGbTJrU/kGemdH2IWmB2ioZ+zkxtmq6g09fGQ==}
    engines: {node: '>=0.10.0'}
    dependencies:
      loose-envify: 1.4.0
    dev: false

  /regenerator-runtime@0.14.1:
    resolution: {integrity: sha512-dYnhHh0nJoMfnkZs6GmmhFknAGRrLznOu5nc9ML+EJxGvrx6H7teuevqVqCuPcPK//3eDrrjQhehXVx9cnkGdw==}
    dev: false

  /resize-observer-polyfill@1.5.1:
    resolution: {integrity: sha512-LwZrotdHOo12nQuZlHEmtuXdqGoOD0OhaxopaNFxWzInpEgaLWoVuAMbTzixuosCx2nEG58ngzW3vxdWoxIgdg==}
    dev: false

  /scheduler@0.23.0:
    resolution: {integrity: sha512-CtuThmgHNg7zIZWAXi3AsyIzA3n4xx7aNyjwC2VJldO2LMVDhFK+63xGqq6CsJH4rTAt6/M+N4GhZiDYPx9eUw==}
    dependencies:
      loose-envify: 1.4.0
    dev: false

  /scroll-into-view-if-needed@3.1.0:
    resolution: {integrity: sha512-49oNpRjWRvnU8NyGVmUaYG4jtTkNonFZI86MmGRDqBphEK2EXT9gdEUoQPZhuBM8yWHxCWbobltqYO5M4XrUvQ==}
    dependencies:
      compute-scroll-into-view: 3.1.0
    dev: false

  /string-convert@0.2.1:
    resolution: {integrity: sha512-u/1tdPl4yQnPBjnVrmdLo9gtuLvELKsAoRapekWggdiQNvvvum+jYF329d84NAa660KQw7pB2n36KrIKVoXa3A==}
    dev: false

  /stylis@4.3.1:
    resolution: {integrity: sha512-EQepAV+wMsIaGVGX1RECzgrcqRRU/0sYOHkeLsZ3fzHaHXZy4DaOOX0vOlGQdlsjkh3mFHAIlVimpwAs4dslyQ==}
    dev: false

  /throttle-debounce@5.0.0:
    resolution: {integrity: sha512-2iQTSgkkc1Zyk0MeVrt/3BvuOXYPl/R8Z0U2xxo9rjwNciaHDG3R+Lm6dh4EeUci49DanvBnuqI6jshoQQRGEg==}
    engines: {node: '>=12.22'}
    dev: false

  /toggle-selection@1.0.6:
    resolution: {integrity: sha512-BiZS+C1OS8g/q2RRbJmy59xpyghNBqrr6k5L/uKBGRsTfxmu3ffiRnd8mlGPUVayg8pvfi5urfnu8TU7DVOkLQ==}
    dev: false

  /typescript@5.4.2:
    resolution: {integrity: sha512-+2/g0Fds1ERlP6JsakQQDXjZdZMM+rqpamFZJEKh4kwTIn3iDkgKtby0CeNd5ATNZ4Ry1ax15TMx0W2V+miizQ==}
    engines: {node: '>=14.17'}
    hasBin: true
    dev: true

  /undici-types@5.26.5:
    resolution: {integrity: sha512-JlCMO+ehdEIKqlFxk6IfVoAUVmgz7cU7zD/h9XZ0qzeosSHmUJVOzSQvvYSYWXkFXC+IfLKSIffhv0sVZup6pA==}
    dev: true
